
Microsoft Visual Studio Solution File, Format Version 12.00
# Visual Studio Version 17
VisualStudioVersion = 17.13.35919.96
MinimumVisualStudioVersion = 10.0.40219.1
Project("{FAE04EC0-301F-11D3-BF4B-00C04F79EFBC}") = "FinancialProvision.Provision.API", "FinancialProvision.API\FinancialProvision.Provision.API.csproj", "{B074AE6E-DC01-475D-A6E4-8BA96D94BE46}"
EndProject
Project("{FAE04EC0-301F-11D3-BF4B-00C04F79EFBC}") = "FinancialProvision.Provision.Domain", "Domain\FinancialProvision.Provision.Domain.csproj", "{6A913855-E36E-4888-91FE-399EAD7A6C8B}"
EndProject
Project("{FAE04EC0-301F-11D3-BF4B-00C04F79EFBC}") = "FinancialProvision.Provision.Application", "FinancialProvision.Provision.Application\FinancialProvision.Provision.Application.csproj", "{3A115585-A9A6-48F7-AE40-BBD2CC82F25C}"
EndProject
Project("{FAE04EC0-301F-11D3-BF4B-00C04F79EFBC}") = "FinancialProvision.Provision.Infrastructure", "FinancialProvision.Provision.Infrastructure\FinancialProvision.Provision.Infrastructure.csproj", "{3A2AE9CE-1113-4B54-AEF2-4FE58115CF13}"
EndProject
Project("{FAE04EC0-301F-11D3-BF4B-00C04F79EFBC}") = "FinancialProvision.UnitTests", "FinancialProvision.UnitTests\FinancialProvision.UnitTests.csproj", "{676234F9-1AC2-4171-B675-4E4EB24BBE82}"
EndProject
Project("{FAE04EC0-301F-11D3-BF4B-00C04F79EFBC}") = "FinancialProvision.IntegrationTests", "FinancialProvision.IntegrationTests\FinancialProvision.IntegrationTests.csproj", "{315B1DA7-B0CC-4CCE-B42F-A407B96C2413}"
EndProject
Global
	GlobalSection(SolutionConfigurationPlatforms) = preSolution
		Debug|Any CPU = Debug|Any CPU
		Release|Any CPU = Release|Any CPU
	EndGlobalSection
	GlobalSection(ProjectConfigurationPlatforms) = postSolution
		{B074AE6E-DC01-475D-A6E4-8BA96D94BE46}.Debug|Any CPU.ActiveCfg = Debug|Any CPU
		{B074AE6E-DC01-475D-A6E4-8BA96D94BE46}.Debug|Any CPU.Build.0 = Debug|Any CPU
		{B074AE6E-DC01-475D-A6E4-8BA96D94BE46}.Release|Any CPU.ActiveCfg = Release|Any CPU
		{B074AE6E-DC01-475D-A6E4-8BA96D94BE46}.Release|Any CPU.Build.0 = Release|Any CPU
		{6A913855-E36E-4888-91FE-399EAD7A6C8B}.Debug|Any CPU.ActiveCfg = Debug|Any CPU
		{6A913855-E36E-4888-91FE-399EAD7A6C8B}.Debug|Any CPU.Build.0 = Debug|Any CPU
		{6A913855-E36E-4888-91FE-399EAD7A6C8B}.Release|Any CPU.ActiveCfg = Release|Any CPU
		{6A913855-E36E-4888-91FE-399EAD7A6C8B}.Release|Any CPU.Build.0 = Release|Any CPU
		{3A115585-A9A6-48F7-AE40-BBD2CC82F25C}.Debug|Any CPU.ActiveCfg = Debug|Any CPU
		{3A115585-A9A6-48F7-AE40-BBD2CC82F25C}.Debug|Any CPU.Build.0 = Debug|Any CPU
		{3A115585-A9A6-48F7-AE40-BBD2CC82F25C}.Release|Any CPU.ActiveCfg = Release|Any CPU
		{3A115585-A9A6-48F7-AE40-BBD2CC82F25C}.Release|Any CPU.Build.0 = Release|Any CPU
		{3A2AE9CE-1113-4B54-AEF2-4FE58115CF13}.Debug|Any CPU.ActiveCfg = Debug|Any CPU
		{3A2AE9CE-1113-4B54-AEF2-4FE58115CF13}.Debug|Any CPU.Build.0 = Debug|Any CPU
		{3A2AE9CE-1113-4B54-AEF2-4FE58115CF13}.Release|Any CPU.ActiveCfg = Release|Any CPU
		{3A2AE9CE-1113-4B54-AEF2-4FE58115CF13}.Release|Any CPU.Build.0 = Release|Any CPU
		{676234F9-1AC2-4171-B675-4E4EB24BBE82}.Debug|Any CPU.ActiveCfg = Debug|Any CPU
		{676234F9-1AC2-4171-B675-4E4EB24BBE82}.Debug|Any CPU.Build.0 = Debug|Any CPU
		{676234F9-1AC2-4171-B675-4E4EB24BBE82}.Release|Any CPU.ActiveCfg = Release|Any CPU
		{676234F9-1AC2-4171-B675-4E4EB24BBE82}.Release|Any CPU.Build.0 = Release|Any CPU
		{315B1DA7-B0CC-4CCE-B42F-A407B96C2413}.Debug|Any CPU.ActiveCfg = Debug|Any CPU
		{315B1DA7-B0CC-4CCE-B42F-A407B96C2413}.Debug|Any CPU.Build.0 = Debug|Any CPU
		{315B1DA7-B0CC-4CCE-B42F-A407B96C2413}.Release|Any CPU.ActiveCfg = Release|Any CPU
		{315B1DA7-B0CC-4CCE-B42F-A407B96C2413}.Release|Any CPU.Build.0 = Release|Any CPU
	EndGlobalSection
	GlobalSection(SolutionProperties) = preSolution
		HideSolutionNode = FALSE
	EndGlobalSection
	GlobalSection(ExtensibilityGlobals) = postSolution
		SolutionGuid = {01968932-032C-407F-9951-8D1A1B91A63A}
	EndGlobalSection
EndGlobal
